
Microsoft Visual Studio Solution File, Format Version 12.00
# Visual Studio Version 17
VisualStudioVersion = 17.4.33213.308
MinimumVisualStudioVersion = 10.0.40219.1
Project("{9A19103F-16F7-4668-BE54-9A1E7A4F7556}") = "WebCrawler.Logic", "WebCrawler.Logic\WebCrawler.Logic.csproj", "{64CE5648-04A3-4DA2-B6B2-82769DF3A6CA}"
EndProject
Project("{9A19103F-16F7-4668-BE54-9A1E7A4F7556}") = "WebCrawler.Logic.Tests", "WebCrawler.Logic.Tests\WebCrawler.Logic.Tests.csproj", "{DD2E0278-84A3-451A-BB30-86E17312B880}"
EndProject
Project("{9A19103F-16F7-4668-BE54-9A1E7A4F7556}") = "WebCrawler.Console", "WebCrawler.Console\WebCrawler.Console.csproj", "{45F81A42-FF61-49C7-93E6-068048F2B547}"
EndProject
Project("{9A19103F-16F7-4668-BE54-9A1E7A4F7556}") = "WebCrawler.Console.Tests", "WebCrawler.Console.Tests\WebCrawler.Console.Tests.csproj", "{F4839513-5916-4509-AE5C-963FD40AEDF9}"
EndProject
Project("{9A19103F-16F7-4668-BE54-9A1E7A4F7556}") = "WebCrawler.Persistence", "WebCrawler.Persistence\WebCrawler.Persistence.csproj", "{BA2DFCD3-3F34-4D89-913F-196DB8DB07C3}"
EndProject
Project("{FAE04EC0-301F-11D3-BF4B-00C04F79EFBC}") = "WebCrawler.MVC", "WebCrawler.MVC\WebCrawler.MVC.csproj", "{71E93984-63D9-4D37-88EF-A19BF392FFA0}"
EndProject
Global
	GlobalSection(SolutionConfigurationPlatforms) = preSolution
		Debug|Any CPU = Debug|Any CPU
		Release|Any CPU = Release|Any CPU
	EndGlobalSection
	GlobalSection(ProjectConfigurationPlatforms) = postSolution
		{64CE5648-04A3-4DA2-B6B2-82769DF3A6CA}.Debug|Any CPU.ActiveCfg = Debug|Any CPU
		{64CE5648-04A3-4DA2-B6B2-82769DF3A6CA}.Debug|Any CPU.Build.0 = Debug|Any CPU
		{64CE5648-04A3-4DA2-B6B2-82769DF3A6CA}.Release|Any CPU.ActiveCfg = Release|Any CPU
		{64CE5648-04A3-4DA2-B6B2-82769DF3A6CA}.Release|Any CPU.Build.0 = Release|Any CPU
		{DD2E0278-84A3-451A-BB30-86E17312B880}.Debug|Any CPU.ActiveCfg = Debug|Any CPU
		{DD2E0278-84A3-451A-BB30-86E17312B880}.Debug|Any CPU.Build.0 = Debug|Any CPU
		{DD2E0278-84A3-451A-BB30-86E17312B880}.Release|Any CPU.ActiveCfg = Release|Any CPU
		{DD2E0278-84A3-451A-BB30-86E17312B880}.Release|Any CPU.Build.0 = Release|Any CPU
		{45F81A42-FF61-49C7-93E6-068048F2B547}.Debug|Any CPU.ActiveCfg = Debug|Any CPU
		{45F81A42-FF61-49C7-93E6-068048F2B547}.Debug|Any CPU.Build.0 = Debug|Any CPU
		{45F81A42-FF61-49C7-93E6-068048F2B547}.Release|Any CPU.ActiveCfg = Release|Any CPU
		{45F81A42-FF61-49C7-93E6-068048F2B547}.Release|Any CPU.Build.0 = Release|Any CPU
		{F4839513-5916-4509-AE5C-963FD40AEDF9}.Debug|Any CPU.ActiveCfg = Debug|Any CPU
		{F4839513-5916-4509-AE5C-963FD40AEDF9}.Debug|Any CPU.Build.0 = Debug|Any CPU
		{F4839513-5916-4509-AE5C-963FD40AEDF9}.Release|Any CPU.ActiveCfg = Release|Any CPU
		{F4839513-5916-4509-AE5C-963FD40AEDF9}.Release|Any CPU.Build.0 = Release|Any CPU
		{BA2DFCD3-3F34-4D89-913F-196DB8DB07C3}.Debug|Any CPU.ActiveCfg = Debug|Any CPU
		{BA2DFCD3-3F34-4D89-913F-196DB8DB07C3}.Debug|Any CPU.Build.0 = Debug|Any CPU
		{BA2DFCD3-3F34-4D89-913F-196DB8DB07C3}.Release|Any CPU.ActiveCfg = Release|Any CPU
		{BA2DFCD3-3F34-4D89-913F-196DB8DB07C3}.Release|Any CPU.Build.0 = Release|Any CPU
		{71E93984-63D9-4D37-88EF-A19BF392FFA0}.Debug|Any CPU.ActiveCfg = Debug|Any CPU
		{71E93984-63D9-4D37-88EF-A19BF392FFA0}.Debug|Any CPU.Build.0 = Debug|Any CPU
		{71E93984-63D9-4D37-88EF-A19BF392FFA0}.Release|Any CPU.ActiveCfg = Release|Any CPU
		{71E93984-63D9-4D37-88EF-A19BF392FFA0}.Release|Any CPU.Build.0 = Release|Any CPU
	EndGlobalSection
	GlobalSection(SolutionProperties) = preSolution
		HideSolutionNode = FALSE
	EndGlobalSection
	GlobalSection(ExtensibilityGlobals) = postSolution
		SolutionGuid = {F88A11BC-D51D-480D-AAFD-00424C586B8D}
	EndGlobalSection
EndGlobal
